
Microsoft Visual Studio Solution File, Format Version 12.00
# Visual Studio 15
VisualStudioVersion = 15.0.28307.902
MinimumVisualStudioVersion = 10.0.40219.1
Project("{FAE04EC0-301F-11D3-BF4B-00C04F79EFBC}") = "EncryptDecryptManager", "EncryptDecryptManager\EncryptDecryptManager.csproj", "{29120E69-7734-4EEA-91D0-9D9DF53086DA}"
EndProject
Global
	GlobalSection(SolutionConfigurationPlatforms) = preSolution
		Debug|Any CPU = Debug|Any CPU
		Release|Any CPU = Release|Any CPU
	EndGlobalSection
	GlobalSection(ProjectConfigurationPlatforms) = postSolution
		{29120E69-7734-4EEA-91D0-9D9DF53086DA}.Debug|Any CPU.ActiveCfg = Debug|Any CPU
		{29120E69-7734-4EEA-91D0-9D9DF53086DA}.Debug|Any CPU.Build.0 = Debug|Any CPU
		{29120E69-7734-4EEA-91D0-9D9DF53086DA}.Release|Any CPU.ActiveCfg = Release|Any CPU
		{29120E69-7734-4EEA-91D0-9D9DF53086DA}.Release|Any CPU.Build.0 = Release|Any CPU
	EndGlobalSection
	GlobalSection(SolutionProperties) = preSolution
		HideSolutionNode = FALSE
	EndGlobalSection
	GlobalSection(ExtensibilityGlobals) = postSolution
		SolutionGuid = {449421FB-5C65-4F7F-998A-7A97573A7B2D}
	EndGlobalSection
EndGlobal
